
Microsoft Visual Studio Solution File, Format Version 12.00
# Visual Studio Version 17
VisualStudioVersion = 17.0.31903.59
MinimumVisualStudioVersion = 10.0.40219.1
Project("{2150E333-8FDC-42A3-9474-1A3956D46DE8}") = "src", "src", "{827E0CD3-B72D-47B6-A68D-7590B98EB39B}"
EndProject
Project("{2150E333-8FDC-42A3-9474-1A3956D46DE8}") = "tests", "tests", "{0AB3BF05-4346-4AA6-1389-037BE0695223}"
EndProject
Project("{FAE04EC0-301F-11D3-BF4B-00C04F79EFBC}") = "Trion.Core.Tests", "tests\Trion.Core.Tests\Trion.Core.Tests.csproj", "{332F930E-5556-4690-8C3C-D3A241AF708D}"
EndProject
Project("{FAE04EC0-301F-11D3-BF4B-00C04F79EFBC}") = "Trion.API", "src\Trion.API\Trion.API.csproj", "{C82490FE-C505-45F7-AEAD-A8472671920C}"
EndProject
Project("{FAE04EC0-301F-11D3-BF4B-00C04F79EFBC}") = "Trion.UI", "src\Trion.UI\Trion.UI.csproj", "{8F4FA8F8-6064-41DC-B0B8-4394373EBC83}"
EndProject
Project("{FAE04EC0-301F-11D3-BF4B-00C04F79EFBC}") = "Trion.Core", "src\Trion.Core\Trion.Core.csproj", "{7489FB6C-F47B-4178-B5DD-20D8F4608728}"
EndProject
Project("{FAE04EC0-301F-11D3-BF4B-00C04F79EFBC}") = "Trion.Web", "src\Trion.Web\Trion.Web.csproj", "{C99FA784-527A-433A-8892-71A951DF63CE}"
EndProject
Project("{FAE04EC0-301F-11D3-BF4B-00C04F79EFBC}") = "Trion.Desktop", "src\Trion.Desktop\Trion.Desktop.csproj", "{09787732-18B2-4393-960F-BD4EB44BDAF5}"
EndProject
Global
	GlobalSection(SolutionConfigurationPlatforms) = preSolution
		Debug|Any CPU = Debug|Any CPU
		Debug|x64 = Debug|x64
		Debug|x86 = Debug|x86
		Release|Any CPU = Release|Any CPU
		Release|x64 = Release|x64
		Release|x86 = Release|x86
	EndGlobalSection
	GlobalSection(ProjectConfigurationPlatforms) = postSolution
		{332F930E-5556-4690-8C3C-D3A241AF708D}.Debug|Any CPU.ActiveCfg = Debug|Any CPU
		{332F930E-5556-4690-8C3C-D3A241AF708D}.Debug|Any CPU.Build.0 = Debug|Any CPU
		{332F930E-5556-4690-8C3C-D3A241AF708D}.Debug|x64.ActiveCfg = Debug|Any CPU
		{332F930E-5556-4690-8C3C-D3A241AF708D}.Debug|x64.Build.0 = Debug|Any CPU
		{332F930E-5556-4690-8C3C-D3A241AF708D}.Debug|x86.ActiveCfg = Debug|Any CPU
		{332F930E-5556-4690-8C3C-D3A241AF708D}.Debug|x86.Build.0 = Debug|Any CPU
		{332F930E-5556-4690-8C3C-D3A241AF708D}.Release|Any CPU.ActiveCfg = Release|Any CPU
		{332F930E-5556-4690-8C3C-D3A241AF708D}.Release|Any CPU.Build.0 = Release|Any CPU
		{332F930E-5556-4690-8C3C-D3A241AF708D}.Release|x64.ActiveCfg = Release|Any CPU
		{332F930E-5556-4690-8C3C-D3A241AF708D}.Release|x64.Build.0 = Release|Any CPU
		{332F930E-5556-4690-8C3C-D3A241AF708D}.Release|x86.ActiveCfg = Release|Any CPU
		{332F930E-5556-4690-8C3C-D3A241AF708D}.Release|x86.Build.0 = Release|Any CPU
		{C82490FE-C505-45F7-AEAD-A8472671920C}.Debug|Any CPU.ActiveCfg = Debug|Any CPU
		{C82490FE-C505-45F7-AEAD-A8472671920C}.Debug|Any CPU.Build.0 = Debug|Any CPU
		{C82490FE-C505-45F7-AEAD-A8472671920C}.Debug|x64.ActiveCfg = Debug|Any CPU
		{C82490FE-C505-45F7-AEAD-A8472671920C}.Debug|x64.Build.0 = Debug|Any CPU
		{C82490FE-C505-45F7-AEAD-A8472671920C}.Debug|x86.ActiveCfg = Debug|Any CPU
		{C82490FE-C505-45F7-AEAD-A8472671920C}.Debug|x86.Build.0 = Debug|Any CPU
		{C82490FE-C505-45F7-AEAD-A8472671920C}.Release|Any CPU.ActiveCfg = Release|Any CPU
		{C82490FE-C505-45F7-AEAD-A8472671920C}.Release|Any CPU.Build.0 = Release|Any CPU
		{C82490FE-C505-45F7-AEAD-A8472671920C}.Release|x64.ActiveCfg = Release|Any CPU
		{C82490FE-C505-45F7-AEAD-A8472671920C}.Release|x64.Build.0 = Release|Any CPU
		{C82490FE-C505-45F7-AEAD-A8472671920C}.Release|x86.ActiveCfg = Release|Any CPU
		{C82490FE-C505-45F7-AEAD-A8472671920C}.Release|x86.Build.0 = Release|Any CPU
		{8F4FA8F8-6064-41DC-B0B8-4394373EBC83}.Debug|Any CPU.ActiveCfg = Debug|Any CPU
		{8F4FA8F8-6064-41DC-B0B8-4394373EBC83}.Debug|Any CPU.Build.0 = Debug|Any CPU
		{8F4FA8F8-6064-41DC-B0B8-4394373EBC83}.Debug|x64.ActiveCfg = Debug|Any CPU
		{8F4FA8F8-6064-41DC-B0B8-4394373EBC83}.Debug|x64.Build.0 = Debug|Any CPU
		{8F4FA8F8-6064-41DC-B0B8-4394373EBC83}.Debug|x86.ActiveCfg = Debug|Any CPU
		{8F4FA8F8-6064-41DC-B0B8-4394373EBC83}.Debug|x86.Build.0 = Debug|Any CPU
		{8F4FA8F8-6064-41DC-B0B8-4394373EBC83}.Release|Any CPU.ActiveCfg = Release|Any CPU
		{8F4FA8F8-6064-41DC-B0B8-4394373EBC83}.Release|Any CPU.Build.0 = Release|Any CPU
		{8F4FA8F8-6064-41DC-B0B8-4394373EBC83}.Release|x64.ActiveCfg = Release|Any CPU
		{8F4FA8F8-6064-41DC-B0B8-4394373EBC83}.Release|x64.Build.0 = Release|Any CPU
		{8F4FA8F8-6064-41DC-B0B8-4394373EBC83}.Release|x86.ActiveCfg = Release|Any CPU
		{8F4FA8F8-6064-41DC-B0B8-4394373EBC83}.Release|x86.Build.0 = Release|Any CPU
		{7489FB6C-F47B-4178-B5DD-20D8F4608728}.Debug|Any CPU.ActiveCfg = Debug|Any CPU
		{7489FB6C-F47B-4178-B5DD-20D8F4608728}.Debug|Any CPU.Build.0 = Debug|Any CPU
		{7489FB6C-F47B-4178-B5DD-20D8F4608728}.Debug|x64.ActiveCfg = Debug|Any CPU
		{7489FB6C-F47B-4178-B5DD-20D8F4608728}.Debug|x64.Build.0 = Debug|Any CPU
		{7489FB6C-F47B-4178-B5DD-20D8F4608728}.Debug|x86.ActiveCfg = Debug|Any CPU
		{7489FB6C-F47B-4178-B5DD-20D8F4608728}.Debug|x86.Build.0 = Debug|Any CPU
		{7489FB6C-F47B-4178-B5DD-20D8F4608728}.Release|Any CPU.ActiveCfg = Release|Any CPU
		{7489FB6C-F47B-4178-B5DD-20D8F4608728}.Release|Any CPU.Build.0 = Release|Any CPU
		{7489FB6C-F47B-4178-B5DD-20D8F4608728}.Release|x64.ActiveCfg = Release|Any CPU
		{7489FB6C-F47B-4178-B5DD-20D8F4608728}.Release|x64.Build.0 = Release|Any CPU
		{7489FB6C-F47B-4178-B5DD-20D8F4608728}.Release|x86.ActiveCfg = Release|Any CPU
		{7489FB6C-F47B-4178-B5DD-20D8F4608728}.Release|x86.Build.0 = Release|Any CPU
		{C99FA784-527A-433A-8892-71A951DF63CE}.Debug|Any CPU.ActiveCfg = Debug|Any CPU
		{C99FA784-527A-433A-8892-71A951DF63CE}.Debug|Any CPU.Build.0 = Debug|Any CPU
		{C99FA784-527A-433A-8892-71A951DF63CE}.Debug|x64.ActiveCfg = Debug|Any CPU
		{C99FA784-527A-433A-8892-71A951DF63CE}.Debug|x64.Build.0 = Debug|Any CPU
		{C99FA784-527A-433A-8892-71A951DF63CE}.Debug|x86.ActiveCfg = Debug|Any CPU
		{C99FA784-527A-433A-8892-71A951DF63CE}.Debug|x86.Build.0 = Debug|Any CPU
		{C99FA784-527A-433A-8892-71A951DF63CE}.Release|Any CPU.ActiveCfg = Release|Any CPU
		{C99FA784-527A-433A-8892-71A951DF63CE}.Release|Any CPU.Build.0 = Release|Any CPU
		{C99FA784-527A-433A-8892-71A951DF63CE}.Release|x64.ActiveCfg = Release|Any CPU
		{C99FA784-527A-433A-8892-71A951DF63CE}.Release|x64.Build.0 = Release|Any CPU
		{C99FA784-527A-433A-8892-71A951DF63CE}.Release|x86.ActiveCfg = Release|Any CPU
		{C99FA784-527A-433A-8892-71A951DF63CE}.Release|x86.Build.0 = Release|Any CPU
		{09787732-18B2-4393-960F-BD4EB44BDAF5}.Debug|Any CPU.ActiveCfg = Debug|Any CPU
		{09787732-18B2-4393-960F-BD4EB44BDAF5}.Debug|Any CPU.Build.0 = Debug|Any CPU
		{09787732-18B2-4393-960F-BD4EB44BDAF5}.Debug|x64.ActiveCfg = Debug|Any CPU
		{09787732-18B2-4393-960F-BD4EB44BDAF5}.Debug|x64.Build.0 = Debug|Any CPU
		{09787732-18B2-4393-960F-BD4EB44BDAF5}.Debug|x86.ActiveCfg = Debug|Any CPU
		{09787732-18B2-4393-960F-BD4EB44BDAF5}.Debug|x86.Build.0 = Debug|Any CPU
		{09787732-18B2-4393-960F-BD4EB44BDAF5}.Release|Any CPU.ActiveCfg = Release|Any CPU
		{09787732-18B2-4393-960F-BD4EB44BDAF5}.Release|Any CPU.Build.0 = Release|Any CPU
		{09787732-18B2-4393-960F-BD4EB44BDAF5}.Release|x64.ActiveCfg = Release|Any CPU
		{09787732-18B2-4393-960F-BD4EB44BDAF5}.Release|x64.Build.0 = Release|Any CPU
		{09787732-18B2-4393-960F-BD4EB44BDAF5}.Release|x86.ActiveCfg = Release|Any CPU
		{09787732-18B2-4393-960F-BD4EB44BDAF5}.Release|x86.Build.0 = Release|Any CPU
	EndGlobalSection
	GlobalSection(SolutionProperties) = preSolution
		HideSolutionNode = FALSE
	EndGlobalSection
	GlobalSection(NestedProjects) = preSolution
		{332F930E-5556-4690-8C3C-D3A241AF708D} = {0AB3BF05-4346-4AA6-1389-037BE0695223}
		{C82490FE-C505-45F7-AEAD-A8472671920C} = {827E0CD3-B72D-47B6-A68D-7590B98EB39B}
		{8F4FA8F8-6064-41DC-B0B8-4394373EBC83} = {827E0CD3-B72D-47B6-A68D-7590B98EB39B}
		{7489FB6C-F47B-4178-B5DD-20D8F4608728} = {827E0CD3-B72D-47B6-A68D-7590B98EB39B}
		{C99FA784-527A-433A-8892-71A951DF63CE} = {827E0CD3-B72D-47B6-A68D-7590B98EB39B}
		{09787732-18B2-4393-960F-BD4EB44BDAF5} = {827E0CD3-B72D-47B6-A68D-7590B98EB39B}
	EndGlobalSection
	GlobalSection(ExtensibilityGlobals) = postSolution
		SolutionGuid = {11752BB0-7828-4D57-81A5-144236B2A82F}
	EndGlobalSection
EndGlobal
