
Microsoft Visual Studio Solution File, Format Version 12.00
# Visual Studio Version 17
VisualStudioVersion = 17.5.33424.131
MinimumVisualStudioVersion = 10.0.40219.1
Project("{9A19103F-16F7-4668-BE54-9A1E7A4F7556}") = "TrionControlPanel", "TrionControlPanel\TrionControlPanel.csproj", "{10829D26-6D03-42DF-BD1C-4443D96F405E}"
EndProject
Project("{9A19103F-16F7-4668-BE54-9A1E7A4F7556}") = "TrionLibrary", "TrionLibrary\TrionLibrary.csproj", "{4DCEB99D-006C-4343-B708-D3C72B7D11BF}"
EndProject
Project("{9A19103F-16F7-4668-BE54-9A1E7A4F7556}") = "TrionDiscordBot", "TrionDiscordBot\TrionDiscordBot.csproj", "{68FBCEFA-3B05-4CF2-851F-7797B0D508C9}"
EndProject
Project("{9A19103F-16F7-4668-BE54-9A1E7A4F7556}") = "TrionControlPanelDesktop", "TrionControlPanelDesktop\TrionControlPanelDesktop.csproj", "{0B2EDB3E-28F2-4FE0-AB20-603217B1FE80}"
EndProject
Project("{9A19103F-16F7-4668-BE54-9A1E7A4F7556}") = "TrionCryptography", "TrionCryptography\TrionCryptography.csproj", "{C64CBD7C-E779-4C00-BB2E-BB9453DF84B3}"
EndProject
Project("{FAE04EC0-301F-11D3-BF4B-00C04F79EFBC}") = "TrionUI", "TrionUI\TrionUI.csproj", "{06A414F3-A1F7-4C36-B7AE-32F8F8A26588}"
EndProject
Global
	GlobalSection(SolutionConfigurationPlatforms) = preSolution
		Debug|Any CPU = Debug|Any CPU
		Debug|x64 = Debug|x64
		Release|Any CPU = Release|Any CPU
		Release|x64 = Release|x64
	EndGlobalSection
	GlobalSection(ProjectConfigurationPlatforms) = postSolution
		{10829D26-6D03-42DF-BD1C-4443D96F405E}.Debug|Any CPU.ActiveCfg = Debug|Any CPU
		{10829D26-6D03-42DF-BD1C-4443D96F405E}.Debug|Any CPU.Build.0 = Debug|Any CPU
		{10829D26-6D03-42DF-BD1C-4443D96F405E}.Debug|x64.ActiveCfg = Debug|Any CPU
		{10829D26-6D03-42DF-BD1C-4443D96F405E}.Debug|x64.Build.0 = Debug|Any CPU
		{10829D26-6D03-42DF-BD1C-4443D96F405E}.Release|Any CPU.ActiveCfg = Release|Any CPU
		{10829D26-6D03-42DF-BD1C-4443D96F405E}.Release|Any CPU.Build.0 = Release|Any CPU
		{10829D26-6D03-42DF-BD1C-4443D96F405E}.Release|x64.ActiveCfg = Release|Any CPU
		{10829D26-6D03-42DF-BD1C-4443D96F405E}.Release|x64.Build.0 = Release|Any CPU
		{4DCEB99D-006C-4343-B708-D3C72B7D11BF}.Debug|Any CPU.ActiveCfg = Debug|Any CPU
		{4DCEB99D-006C-4343-B708-D3C72B7D11BF}.Debug|Any CPU.Build.0 = Debug|Any CPU
		{4DCEB99D-006C-4343-B708-D3C72B7D11BF}.Debug|x64.ActiveCfg = Debug|Any CPU
		{4DCEB99D-006C-4343-B708-D3C72B7D11BF}.Debug|x64.Build.0 = Debug|Any CPU
		{4DCEB99D-006C-4343-B708-D3C72B7D11BF}.Release|Any CPU.ActiveCfg = Release|Any CPU
		{4DCEB99D-006C-4343-B708-D3C72B7D11BF}.Release|Any CPU.Build.0 = Release|Any CPU
		{4DCEB99D-006C-4343-B708-D3C72B7D11BF}.Release|x64.ActiveCfg = Release|Any CPU
		{4DCEB99D-006C-4343-B708-D3C72B7D11BF}.Release|x64.Build.0 = Release|Any CPU
		{68FBCEFA-3B05-4CF2-851F-7797B0D508C9}.Debug|Any CPU.ActiveCfg = Debug|Any CPU
		{68FBCEFA-3B05-4CF2-851F-7797B0D508C9}.Debug|Any CPU.Build.0 = Debug|Any CPU
		{68FBCEFA-3B05-4CF2-851F-7797B0D508C9}.Debug|x64.ActiveCfg = Debug|Any CPU
		{68FBCEFA-3B05-4CF2-851F-7797B0D508C9}.Debug|x64.Build.0 = Debug|Any CPU
		{68FBCEFA-3B05-4CF2-851F-7797B0D508C9}.Release|Any CPU.ActiveCfg = Release|Any CPU
		{68FBCEFA-3B05-4CF2-851F-7797B0D508C9}.Release|Any CPU.Build.0 = Release|Any CPU
		{68FBCEFA-3B05-4CF2-851F-7797B0D508C9}.Release|x64.ActiveCfg = Release|Any CPU
		{68FBCEFA-3B05-4CF2-851F-7797B0D508C9}.Release|x64.Build.0 = Release|Any CPU
		{0B2EDB3E-28F2-4FE0-AB20-603217B1FE80}.Debug|Any CPU.ActiveCfg = Debug|Any CPU
		{0B2EDB3E-28F2-4FE0-AB20-603217B1FE80}.Debug|Any CPU.Build.0 = Debug|Any CPU
		{0B2EDB3E-28F2-4FE0-AB20-603217B1FE80}.Debug|x64.ActiveCfg = Debug|Any CPU
		{0B2EDB3E-28F2-4FE0-AB20-603217B1FE80}.Debug|x64.Build.0 = Debug|Any CPU
		{0B2EDB3E-28F2-4FE0-AB20-603217B1FE80}.Release|Any CPU.ActiveCfg = Release|Any CPU
		{0B2EDB3E-28F2-4FE0-AB20-603217B1FE80}.Release|Any CPU.Build.0 = Release|Any CPU
		{0B2EDB3E-28F2-4FE0-AB20-603217B1FE80}.Release|x64.ActiveCfg = Release|Any CPU
		{C64CBD7C-E779-4C00-BB2E-BB9453DF84B3}.Debug|Any CPU.ActiveCfg = Debug|Any CPU
		{C64CBD7C-E779-4C00-BB2E-BB9453DF84B3}.Debug|Any CPU.Build.0 = Debug|Any CPU
		{C64CBD7C-E779-4C00-BB2E-BB9453DF84B3}.Debug|x64.ActiveCfg = Debug|Any CPU
		{C64CBD7C-E779-4C00-BB2E-BB9453DF84B3}.Debug|x64.Build.0 = Debug|Any CPU
		{C64CBD7C-E779-4C00-BB2E-BB9453DF84B3}.Release|Any CPU.ActiveCfg = Release|Any CPU
		{C64CBD7C-E779-4C00-BB2E-BB9453DF84B3}.Release|Any CPU.Build.0 = Release|Any CPU
		{C64CBD7C-E779-4C00-BB2E-BB9453DF84B3}.Release|x64.ActiveCfg = Release|Any CPU
		{C64CBD7C-E779-4C00-BB2E-BB9453DF84B3}.Release|x64.Build.0 = Release|Any CPU
		{06A414F3-A1F7-4C36-B7AE-32F8F8A26588}.Debug|Any CPU.ActiveCfg = Debug|Any CPU
		{06A414F3-A1F7-4C36-B7AE-32F8F8A26588}.Debug|Any CPU.Build.0 = Debug|Any CPU
		{06A414F3-A1F7-4C36-B7AE-32F8F8A26588}.Debug|x64.ActiveCfg = Debug|Any CPU
		{06A414F3-A1F7-4C36-B7AE-32F8F8A26588}.Debug|x64.Build.0 = Debug|Any CPU
		{06A414F3-A1F7-4C36-B7AE-32F8F8A26588}.Release|Any CPU.ActiveCfg = Release|Any CPU
		{06A414F3-A1F7-4C36-B7AE-32F8F8A26588}.Release|Any CPU.Build.0 = Release|Any CPU
		{06A414F3-A1F7-4C36-B7AE-32F8F8A26588}.Release|x64.ActiveCfg = Release|Any CPU
		{06A414F3-A1F7-4C36-B7AE-32F8F8A26588}.Release|x64.Build.0 = Release|Any CPU
	EndGlobalSection
	GlobalSection(SolutionProperties) = preSolution
		HideSolutionNode = FALSE
	EndGlobalSection
	GlobalSection(ExtensibilityGlobals) = postSolution
		SolutionGuid = {C26A4B0F-F535-4A6E-991A-EABD3619BEC7}
	EndGlobalSection
EndGlobal
